
Microsoft Visual Studio Solution File, Format Version 12.00
# Visual Studio 15
VisualStudioVersion = 15.0.27130.2027
MinimumVisualStudioVersion = 10.0.40219.1
Project("{FAE04EC0-301F-11D3-BF4B-00C04F79EFBC}") = "ProtejoLogin", "ProtejoLogin\ProtejoLogin.csproj", "{B40F420D-59D3-4ED9-AA6A-96DF37BD4E85}"
EndProject
Global
	GlobalSection(SolutionConfigurationPlatforms) = preSolution
		Debug|Any CPU = Debug|Any CPU
		Release|Any CPU = Release|Any CPU
	EndGlobalSection
	GlobalSection(ProjectConfigurationPlatforms) = postSolution
		{B40F420D-59D3-4ED9-AA6A-96DF37BD4E85}.Debug|Any CPU.ActiveCfg = Debug|Any CPU
		{B40F420D-59D3-4ED9-AA6A-96DF37BD4E85}.Debug|Any CPU.Build.0 = Debug|Any CPU
		{B40F420D-59D3-4ED9-AA6A-96DF37BD4E85}.Release|Any CPU.ActiveCfg = Release|Any CPU
		{B40F420D-59D3-4ED9-AA6A-96DF37BD4E85}.Release|Any CPU.Build.0 = Release|Any CPU
	EndGlobalSection
	GlobalSection(SolutionProperties) = preSolution
		HideSolutionNode = FALSE
	EndGlobalSection
	GlobalSection(ExtensibilityGlobals) = postSolution
		SolutionGuid = {FF3E6D9E-D3EB-439C-BECE-020A72634F58}
	EndGlobalSection
EndGlobal
